
Microsoft Visual Studio Solution File, Format Version 12.00
# Visual Studio Version 16
VisualStudioVersion = 16.0.28606.126
MinimumVisualStudioVersion = 10.0.40219.1
Project("{FAE04EC0-301F-11D3-BF4B-00C04F79EFBC}") = "AutofacTest", "AutofacTest\AutofacTest.csproj", "{7B5F5A13-A997-4884-AA2D-CEA18EFDBD11}"
EndProject
Project("{FAE04EC0-301F-11D3-BF4B-00C04F79EFBC}") = "WebApiTest", "WebApiTest\WebApiTest.csproj", "{BD90A49F-3035-4ABF-BF6C-AE26723427FA}"
EndProject
Project("{9A19103F-16F7-4668-BE54-9A1E7A4F7556}") = "Autofac", "Autofac\src\Autofac\Autofac.csproj", "{BE921F33-2365-4FD8-953D-52BFED6C78A6}"
EndProject
Global
	GlobalSection(SolutionConfigurationPlatforms) = preSolution
		Debug|Any CPU = Debug|Any CPU
		Release|Any CPU = Release|Any CPU
	EndGlobalSection
	GlobalSection(ProjectConfigurationPlatforms) = postSolution
		{7B5F5A13-A997-4884-AA2D-CEA18EFDBD11}.Debug|Any CPU.ActiveCfg = Debug|Any CPU
		{7B5F5A13-A997-4884-AA2D-CEA18EFDBD11}.Debug|Any CPU.Build.0 = Debug|Any CPU
		{7B5F5A13-A997-4884-AA2D-CEA18EFDBD11}.Release|Any CPU.ActiveCfg = Release|Any CPU
		{7B5F5A13-A997-4884-AA2D-CEA18EFDBD11}.Release|Any CPU.Build.0 = Release|Any CPU
		{BD90A49F-3035-4ABF-BF6C-AE26723427FA}.Debug|Any CPU.ActiveCfg = Debug|Any CPU
		{BD90A49F-3035-4ABF-BF6C-AE26723427FA}.Debug|Any CPU.Build.0 = Debug|Any CPU
		{BD90A49F-3035-4ABF-BF6C-AE26723427FA}.Release|Any CPU.ActiveCfg = Release|Any CPU
		{BD90A49F-3035-4ABF-BF6C-AE26723427FA}.Release|Any CPU.Build.0 = Release|Any CPU
		{BE921F33-2365-4FD8-953D-52BFED6C78A6}.Debug|Any CPU.ActiveCfg = Debug|Any CPU
		{BE921F33-2365-4FD8-953D-52BFED6C78A6}.Debug|Any CPU.Build.0 = Debug|Any CPU
		{BE921F33-2365-4FD8-953D-52BFED6C78A6}.Release|Any CPU.ActiveCfg = Release|Any CPU
		{BE921F33-2365-4FD8-953D-52BFED6C78A6}.Release|Any CPU.Build.0 = Release|Any CPU
	EndGlobalSection
	GlobalSection(SolutionProperties) = preSolution
		HideSolutionNode = FALSE
	EndGlobalSection
	GlobalSection(ExtensibilityGlobals) = postSolution
		SolutionGuid = {A2387EBC-76FA-4D3F-AD00-C1BA8213FDB4}
	EndGlobalSection
EndGlobal
